{
  "name": "pgnjs-test",
  "version": "0.0.1",
  "lockfileVersion": 2,
  "requires": true,
  "packages": {
    "": {
      "name": "pgnjs-test",
      "version": "0.0.1",
      "license": "MIT",
      "devDependencies": {
        "pgn.js": "file:.."
      }
    },
    "..": {
      "name": "pgn.js",
      "version": "0.1.0",
      "dev": true,
      "license": "MIT",
      "dependencies": {
        "chess.js": "^1.0.0-alpha.0"
      },
      "devDependencies": {
        "peggy": "^2.0.1"
      }
    },
    "node_modules/pgn.js": {
      "resolved": "..",
      "link": true
    }
  },
  "dependencies": {
    "pgn.js": {
      "version": "file:..",
      "requires": {
        "chess.js": "^1.0.0-alpha.0",
        "peggy": "^2.0.1"
      }
    }
  }
}
